
Microsoft Visual Studio Solution File, Format Version 12.00
# Visual Studio Version 17
VisualStudioVersion = 17.10.34928.147
MinimumVisualStudioVersion = 10.0.40219.1
Project("{FAE04EC0-301F-11D3-BF4B-00C04F79EFBC}") = "RetroSlice_Milestone2", "RetroSlice_Milestone2.csproj", "{43D8928B-3F3A-4245-9668-91827B2406F5}"
EndProject
Global
	GlobalSection(SolutionConfigurationPlatforms) = preSolution
		Debug|Any CPU = Debug|Any CPU
		Release|Any CPU = Release|Any CPU
	EndGlobalSection
	GlobalSection(ProjectConfigurationPlatforms) = postSolution
		{43D8928B-3F3A-4245-9668-91827B2406F5}.Debug|Any CPU.ActiveCfg = Debug|Any CPU
		{43D8928B-3F3A-4245-9668-91827B2406F5}.Debug|Any CPU.Build.0 = Debug|Any CPU
		{43D8928B-3F3A-4245-9668-91827B2406F5}.Release|Any CPU.ActiveCfg = Release|Any CPU
		{43D8928B-3F3A-4245-9668-91827B2406F5}.Release|Any CPU.Build.0 = Release|Any CPU
	EndGlobalSection
	GlobalSection(SolutionProperties) = preSolution
		HideSolutionNode = FALSE
	EndGlobalSection
	GlobalSection(ExtensibilityGlobals) = postSolution
		SolutionGuid = {8EF5E9E8-654E-4E45-90B1-C9EA17BCDA1C}
	EndGlobalSection
EndGlobal
